{
  "name": "bash-handbook",
  "version": "2.9.7",
  "lockfileVersion": 1,
  "dependencies": {
    "abbrev": {
      "version": "https://registry.npmjs.org/abbrev/-/abbrev-1.0.9.tgz",
      "integrity": "sha1-kbR5JYinc4wl813W9jdSovh3YTU="
    },
    "anchor-markdown-header": {
      "version": "0.5.7",
      "resolved": "https://registry.npmjs.org/anchor-markdown-header/-/anchor-markdown-header-0.5.7.tgz",
      "integrity": "sha1-BFBj125qH5zTJ6V6ASaqD97Dcac=",
      "dev": true
    },
    "ansi-regex": {
      "version": "https://registry.npmjs.org/ansi-regex/-/ansi-regex-2.0.0.tgz",
      "integrity": "sha1-xQYbbg74qBd15Q9dZhUb9r83EQc="
    },
    "ansi-styles": {
      "version": "https://registry.npmjs.org/ansi-styles/-/ansi-styles-2.2.1.tgz",
      "integrity": "sha1-tDLdM1i2NM914eRmQ2gkBTPB3b4="
    },
    "ansicolors": {
      "version": "https://registry.npmjs.org/ansicolors/-/ansicolors-0.3.2.tgz",
      "integrity": "sha1-ZlWX3oap/+Oqm/vmyuXG6kJrSXk="
    },
    "array-find-index": {
      "version": "https://registry.npmjs.org/array-find-index/-/array-find-index-1.0.1.tgz",
      "integrity": "sha1-C8Jd2slB7IpJauJY/UrBiAA+868="
    },
    "bail": {
      "version": "1.0.1",
      "resolved": "https://registry.npmjs.org/bail/-/bail-1.0.1.tgz",
      "integrity": "sha1-kSV53os5Gq3zxf30zSoPwiXfO8I=",
      "dev": true
    },
    "boundary": {
      "version": "1.0.1",
      "resolved": "https://registry.npmjs.org/boundary/-/boundary-1.0.1.tgz",
      "integrity": "sha1-TWfcJgLAzBbdm85+v4fpSCkPWBI=",
      "dev": true
    },
    "boxen": {
      "version": "1.1.0",
      "resolved": "https://registry.npmjs.org/boxen/-/boxen-1.1.0.tgz",
      "integrity": "sha1-sbad1SIwXoB6md7ud329blFnsQI=",
      "dependencies": {
        "ansi-align": {
          "version": "2.0.0",
          "resolved": "https://registry.npmjs.org/ansi-align/-/ansi-align-2.0.0.tgz",
          "integrity": "sha1-w2rsy6VjuJzrVW82kPCx2eNUf38="
        },
        "camelcase": {
          "version": "4.1.0",
          "resolved": "https://registry.npmjs.org/camelcase/-/camelcase-4.1.0.tgz",
          "integrity": "sha1-1UVjW+HjPFQmScaRc+Xeas+uNN0="
        },
        "is-fullwidth-code-point": {
          "version": "2.0.0",
          "resolved": "https://registry.npmjs.org/is-fullwidth-code-point/-/is-fullwidth-code-point-2.0.0.tgz",
          "integrity": "sha1-o7MKXE8ZkYMWeqq5O+764937ZU8="
        },
        "string-width": {
          "version": "2.0.0",
          "resolved": "https://registry.npmjs.org/string-width/-/string-width-2.0.0.tgz",
          "integrity": "sha1-Y1xUNsxypuDDh87KJ41OLuxSaH4="
        }
      }
    },
    "builtin-modules": {
      "version": "https://registry.npmjs.org/builtin-modules/-/builtin-modules-1.1.1.tgz",
      "integrity": "sha1-Jw8HbFpywC9bZaR9+Uxf46J4iS8="
    },
    "camelcase": {
      "version": "https://registry.npmjs.org/camelcase/-/camelcase-2.1.1.tgz",
      "integrity": "sha1-fB0W1nmhu+WcoCys7PsBHiAfWh8="
    },
    "camelcase-keys": {
      "version": "https://registry.npmjs.org/camelcase-keys/-/camelcase-keys-2.1.0.tgz",
      "integrity": "sha1-MIvur/3ygRkFHvodkyITyRuPkuc="
    },
    "capture-stack-trace": {
      "version": "https://registry.npmjs.org/capture-stack-trace/-/capture-stack-trace-1.0.0.tgz",
      "integrity": "sha1-Sm+gc5nCa7pH8LJJa00PtAjFVQ0="
    },
    "cardinal": {
      "version": "https://registry.npmjs.org/cardinal/-/cardinal-0.7.1.tgz",
      "integrity": "sha1-LCcM3HUchs6q+ghFnCuzjaKi4pc=",
      "dependencies": {
        "ansicolors": {
          "version": "https://registry.npmjs.org/ansicolors/-/ansicolors-0.2.1.tgz",
          "integrity": "sha1-vgiVmQl7dKXJxKhKDNvNtivYeu8="
        }
      }
    },
    "ccount": {
      "version": "1.0.1",
      "resolved": "https://registry.npmjs.org/ccount/-/ccount-1.0.1.tgz",
      "integrity": "sha1-ZlaHlFFowhjsd/9hpBVa4AInqWw=",
      "dev": true
    },
    "chalk": {
      "version": "https://registry.npmjs.org/chalk/-/chalk-1.1.3.tgz",
      "integrity": "sha1-qBFcVeSnAv5NFQq9OHKCKn4J/Jg="
    },
    "character-entities": {
      "version": "1.2.0",
      "resolved": "https://registry.npmjs.org/character-entities/-/character-entities-1.2.0.tgz",
      "integrity": "sha1-poPiz3Xb6LFxljUxNk5Y4YobFV8=",
      "dev": true
    },
    "character-entities-html4": {
      "version": "1.1.0",
      "resolved": "https://registry.npmjs.org/character-entities-html4/-/character-entities-html4-1.1.0.tgz",
      "integrity": "sha1-GrCFUdPOH6HfCNAPucod77FHoGw=",
      "dev": true
    },
    "character-entities-legacy": {
      "version": "1.1.0",
      "resolved": "https://registry.npmjs.org/character-entities-legacy/-/character-entities-legacy-1.1.0.tgz",
      "integrity": "sha1-sYqtmPa3vMZGweTIH58ZVjdqVho=",
      "dev": true
    },
    "character-reference-invalid": {
      "version": "1.1.0",
      "resolved": "https://registry.npmjs.org/character-reference-invalid/-/character-reference-invalid-1.1.0.tgz",
      "integrity": "sha1-3smtHfufjQa0/NqircPE/ZevHmg=",
      "dev": true
    },
    "cli-boxes": {
      "version": "https://registry.npmjs.org/cli-boxes/-/cli-boxes-1.0.0.tgz",
      "integrity": "sha1-T6kXw+WclKAEzWH47lCdplFocUM="
    },
    "code-point-at": {
      "version": "https://registry.npmjs.org/code-point-at/-/code-point-at-1.0.0.tgz",
      "integrity": "sha1-9psZLT99keOC5Lcb3bd4eGGasMY="
    },
    "collapse-white-space": {
      "version": "1.0.2",
      "resolved": "https://registry.npmjs.org/collapse-white-space/-/collapse-white-space-1.0.2.tgz",
      "integrity": "sha1-nEY/ucbRkNLcriGjVqAbyunu720=",
      "dev": true
    },
    "combined-stream-wait-for-it": {
      "version": "1.1.0",
      "resolved": "https://registry.npmjs.org/combined-stream-wait-for-it/-/combined-stream-wait-for-it-1.1.0.tgz",
      "integrity": "sha1-4EtO6ITNZXFerE5Yqxc2eiy6RoU="
    },
    "core-util-is": {
      "version": "https://registry.npmjs.org/core-util-is/-/core-util-is-1.0.2.tgz",
      "integrity": "sha1-tf1UIgqivFq1eqtxQMlAdUUDwac="
    },
    "create-error-class": {
      "version": "https://registry.npmjs.org/create-error-class/-/create-error-class-3.0.2.tgz",
      "integrity": "sha1-Br56vvlHo/FKMP1hBnHUAbyot7Y="
    },
    "cross-spawn-async": {
      "version": "2.2.5",
      "resolved": "https://registry.npmjs.org/cross-spawn-async/-/cross-spawn-async-2.2.5.tgz",
      "integrity": "sha1-hF/wwINKPe2dFg2sptOQkGuyiMw="
    },
    "crypto-random-string": {
      "version": "1.0.0",
      "resolved": "https://registry.npmjs.org/crypto-random-string/-/crypto-random-string-1.0.0.tgz",
      "integrity": "sha1-ojD2T1aDEOFJgAmUB5DsmVRbyn4="
    },
    "debug": {
      "version": "2.6.8",
      "resolved": "https://registry.npmjs.org/debug/-/debug-2.6.8.tgz",
      "integrity": "sha1-5zFTHKLt4n0YgiJCfaF4IdaP9Pw=",
      "dev": true
    },
    "decamelize": {
      "version": "https://registry.npmjs.org/decamelize/-/decamelize-1.2.0.tgz",
      "integrity": "sha1-9lNNFRSCabIDUue+4m9QH5oZEpA="
    },
    "deep-extend": {
      "version": "https://registry.npmjs.org/deep-extend/-/deep-extend-0.4.1.tgz",
      "integrity": "sha1-7+QRPQgIX05vlod1mBD4B0aeIlM="
    },
    "default-pager": {
      "version": "https://registry.npmjs.org/default-pager/-/default-pager-1.1.0.tgz",
      "integrity": "sha1-7SiJWwSpbjcHi9xiI5ExlxYg7uw="
    },
    "delayed-stream": {
      "version": "1.0.0",
      "resolved": "https://registry.npmjs.org/delayed-stream/-/delayed-stream-1.0.0.tgz",
      "integrity": "sha1-3zrhmayt+31ECqrgsp4icrJOxhk="
    },
    "doctoc": {
      "version": "1.3.0",
      "resolved": "https://registry.npmjs.org/doctoc/-/doctoc-1.3.0.tgz",
      "integrity": "sha1-fwg5hR3VjICKLK5V2VBOAS0I7jA=",
      "dev": true
    },
    "dom-serializer": {
      "version": "0.1.0",
      "resolved": "https://registry.npmjs.org/dom-serializer/-/dom-serializer-0.1.0.tgz",
      "integrity": "sha1-BzxpdUbOB4DOI75KKOKT5AvDDII=",
      "dev": true,
      "dependencies": {
        "domelementtype": {
          "version": "1.1.3",
          "resolved": "https://registry.npmjs.org/domelementtype/-/domelementtype-1.1.3.tgz",
          "integrity": "sha1-vSh3PiZCiBrsUVRJJCmcXNgiGFs=",
          "dev": true
        }
      }
    },
    "domelementtype": {
      "version": "1.3.0",
      "resolved": "https://registry.npmjs.org/domelementtype/-/domelementtype-1.3.0.tgz",
      "integrity": "sha1-sXrtguirWeUt2cGbF1bg/BhyBMI=",
      "dev": true
    },
    "domhandler": {
      "version": "2.4.1",
      "resolved": "https://registry.npmjs.org/domhandler/-/domhandler-2.4.1.tgz",
      "integrity": "sha1-iS5HAAqZvlW783dP/qBWHYh5wlk=",
      "dev": true
    },
    "domutils": {
      "version": "1.6.2",
      "resolved": "https://registry.npmjs.org/domutils/-/domutils-1.6.2.tgz",
      "integrity": "sha1-GVjMC0yUJuntNn+xyOhUiRsPo/8=",
      "dev": true
    },
    "duplexer3": {
      "version": "0.1.4",
      "resolved": "https://registry.npmjs.org/duplexer3/-/duplexer3-0.1.4.tgz",
      "integrity": "sha1-7gHdHKwO08vH/b6jfcCo8c4ALOI="
    },
    "emoji-regex": {
      "version": "6.1.3",
      "resolved": "https://registry.npmjs.org/emoji-regex/-/emoji-regex-6.1.3.tgz",
      "integrity": "sha1-7HmjlpsC0uzytyJUJ5v5m8eoOTI=",
      "dev": true
    },
    "entities": {
      "version": "1.1.1",
      "resolved": "https://registry.npmjs.org/entities/-/entities-1.1.1.tgz",
      "integrity": "sha1-blwtClYhtdra7O+AuQ7ftc13cvA="
    },
    "error-ex": {
      "version": "https://registry.npmjs.org/error-ex/-/error-ex-1.3.0.tgz",
      "integrity": "sha1-5ntD8+gsluo6WE/+4Ln8MyXYAtk="
    },
    "escape-string-regexp": {
      "version": "https://registry.npmjs.org/escape-string-regexp/-/escape-string-regexp-1.0.5.tgz",
      "integrity": "sha1-G2HAViGQqN/2rjuyzwIAyhMLhtQ="
    },
    "esprima": {
      "version": "https://registry.npmjs.org/esprima/-/esprima-2.7.2.tgz",
      "integrity": "sha1-9DvlQ2CZhOrkTJM6xjNSpq818zk="
    },
    "execa": {
      "version": "0.4.0",
      "resolved": "https://registry.npmjs.org/execa/-/execa-0.4.0.tgz",
      "integrity": "sha1-TrZGejaglfq7KXD/nV4/t7zm68M="
    },
    "extend": {
      "version": "3.0.1",
      "resolved": "https://registry.npmjs.org/extend/-/extend-3.0.1.tgz",
      "integrity": "sha1-p1Xqe8Gt/MWjHOfnYtuq3F5jZEQ=",
      "dev": true
    },
    "find-up": {
      "version": "https://registry.npmjs.org/find-up/-/find-up-1.1.2.tgz",
      "integrity": "sha1-ay6YIrGizgpgq2TWEOzK1TyyTQ8="
    },
    "function-bind": {
      "version": "1.1.0",
      "resolved": "https://registry.npmjs.org/function-bind/-/function-bind-1.1.0.tgz",
      "integrity": "sha1-FhdnFMgBeY5Ojyz391KUZ7tKV3E=",
      "dev": true
    },
    "get-stdin": {
      "version": "https://registry.npmjs.org/get-stdin/-/get-stdin-4.0.1.tgz",
      "integrity": "sha1-uWjGsKBDhDJJAui/Gl3zJXmkUP4="
    },
    "get-stream": {
      "version": "3.0.0",
      "resolved": "https://registry.npmjs.org/get-stream/-/get-stream-3.0.0.tgz",
      "integrity": "sha1-jpQ9E1jcN1VQVOy+LtsFqhdO3hQ="
    },
    "graceful-fs": {
      "version": "https://registry.npmjs.org/graceful-fs/-/graceful-fs-4.1.4.tgz",
      "integrity": "sha1-7widKIDwM7ARgjzlyPrnmNp3Xb0="
    },
    "has": {
      "version": "1.0.1",
      "resolved": "https://registry.npmjs.org/has/-/has-1.0.1.tgz",
      "integrity": "sha1-hGFzP1OLCDfJNh45qauelwTcLyg=",
      "dev": true
    },
    "has-ansi": {
      "version": "https://registry.npmjs.org/has-ansi/-/has-ansi-2.0.0.tgz",
      "integrity": "sha1-NPUEnOHs3ysGSa8+8k5F7TVBbZE="
    },
    "hosted-git-info": {
      "version": "https://registry.npmjs.org/hosted-git-info/-/hosted-git-info-2.1.4.tgz",
      "integrity": "sha1-2elTsmmIvogJbEbpJklNlgTDAPg="
    },
    "htmlparser2": {
      "version": "3.9.2",
      "resolved": "https://registry.npmjs.org/htmlparser2/-/htmlparser2-3.9.2.tgz",
      "integrity": "sha1-G9+HrMoPP55T+k/M6w9LTLsAszg=",
      "dev": true
    },
    "import-lazy": {
      "version": "2.1.0",
      "resolved": "https://registry.npmjs.org/import-lazy/-/import-lazy-2.1.0.tgz",
      "integrity": "sha1-BWmOPUXIjo1+nZLLBYTnfwlvPkM="
    },
    "imurmurhash": {
      "version": "https://registry.npmjs.org/imurmurhash/-/imurmurhash-0.1.4.tgz",
      "integrity": "sha1-khi5srkoojixPcT7a21XbyMUU+o="
    },
    "indent-string": {
      "version": "https://registry.npmjs.org/indent-string/-/indent-string-2.1.0.tgz",
      "integrity": "sha1-ji1INIdCEhtKghi3oTfppSBJ3IA="
    },
    "inherits": {
      "version": "https://registry.npmjs.org/inherits/-/inherits-2.0.1.tgz",
      "integrity": "sha1-sX0I0ya0Qj5Wjv9xn5GwscvfafE=",
      "dev": true
    },
    "ini": {
      "version": "https://registry.npmjs.org/ini/-/ini-1.3.4.tgz",
      "integrity": "sha1-BTfLedr1m1mhpRff9wbIbsA5Fi4="
    },
    "is-alphabetical": {
      "version": "1.0.0",
      "resolved": "https://registry.npmjs.org/is-alphabetical/-/is-alphabetical-1.0.0.tgz",
      "integrity": "sha1-4lRMEwWCVfIUTLdXBmzTNCocjEY=",
      "dev": true
    },
    "is-alphanumerical": {
      "version": "1.0.0",
      "resolved": "https://registry.npmjs.org/is-alphanumerical/-/is-alphanumerical-1.0.0.tgz",
      "integrity": "sha1-4GSS5xnBvxXewjnk8a9fZ7TW578=",
      "dev": true
    },
    "is-arrayish": {
      "version": "https://registry.npmjs.org/is-arrayish/-/is-arrayish-0.2.1.tgz",
      "integrity": "sha1-d8mYQFJ6qOyxqLppe4BkWnqSap0="
    },
    "is-builtin-module": {
      "version": "https://registry.npmjs.org/is-builtin-module/-/is-builtin-module-1.0.0.tgz",
      "integrity": "sha1-VAVy0096wxGfj3bDDLwbHgN6/74="
    },
    "is-decimal": {
      "version": "1.0.0",
      "resolved": "https://registry.npmjs.org/is-decimal/-/is-decimal-1.0.0.tgz",
      "integrity": "sha1-lAV5tupjxigICmnmK9qIyEcLT+A=",
      "dev": true
    },
    "is-finite": {
      "version": "https://registry.npmjs.org/is-finite/-/is-finite-1.0.1.tgz",
      "integrity": "sha1-ZDhgPq6+J5OUj/SkJi7I2z1iWXs="
    },
    "is-fullwidth-code-point": {
      "version": "https://registry.npmjs.org/is-fullwidth-code-point/-/is-fullwidth-code-point-1.0.0.tgz",
      "integrity": "sha1-754xOG8DGn8NZDr4L95QxFfvAMs="
    },
    "is-hexadecimal": {
      "version": "1.0.0",
      "resolved": "https://registry.npmjs.org/is-hexadecimal/-/is-hexadecimal-1.0.0.tgz",
      "integrity": "sha1-XEWXcdKvmi45Ungf1U/LG8/kETw=",
      "dev": true
    },
    "is-npm": {
      "version": "https://registry.npmjs.org/is-npm/-/is-npm-1.0.0.tgz",
      "integrity": "sha1-8vtjpl5JBbQGyGBydloaTceTufQ="
    },
    "is-obj": {
      "version": "https://registry.npmjs.org/is-obj/-/is-obj-1.0.1.tgz",
      "integrity": "sha1-PkcprB9f3gJc19g6iW2rn09n2w8="
    },
    "is-redirect": {
      "version": "https://registry.npmjs.org/is-redirect/-/is-redirect-1.0.0.tgz",
      "integrity": "sha1-HQPd7VO9jbDzDCbk+V02/HyH3CQ="
    },
    "is-retry-allowed": {
      "version": "https://registry.npmjs.org/is-retry-allowed/-/is-retry-allowed-1.0.0.tgz",
      "integrity": "sha1-KyBwsVGCPUBEqLu/YoWwxCuHA94="
    },
    "is-stream": {
      "version": "https://registry.npmjs.org/is-stream/-/is-stream-1.1.0.tgz",
      "integrity": "sha1-EtSj3U5o4Lec6428hBc66A2RykQ="
    },
    "is-utf8": {
      "version": "https://registry.npmjs.org/is-utf8/-/is-utf8-0.2.1.tgz",
      "integrity": "sha1-Sw2hRCEE0bM2NA6AeX6GXPOffXI="
    },
    "isarray": {
      "version": "https://registry.npmjs.org/isarray/-/isarray-1.0.0.tgz",
      "integrity": "sha1-u5NdSFgsuhaMBoNJV6VKPgcSTxE="
    },
    "isexe": {
      "version": "2.0.0",
      "resolved": "https://registry.npmjs.org/isexe/-/isexe-2.0.0.tgz",
      "integrity": "sha1-6PvzdNxVb/iUehDcsFctYz8s+hA="
    },
    "load-json-file": {
      "version": "https://registry.npmjs.org/load-json-file/-/load-json-file-1.1.0.tgz",
      "integrity": "sha1-lWkFcI1YtLq0wiYbBPWfMcmTdMA="
    },
    "longest-streak": {
      "version": "1.0.0",
      "resolved": "https://registry.npmjs.org/longest-streak/-/longest-streak-1.0.0.tgz",
      "integrity": "sha1-0GWXxNTDG1LMsfXY+P5xSOr9aWU=",
      "dev": true
    },
    "loud-rejection": {
      "version": "https://registry.npmjs.org/loud-rejection/-/loud-rejection-1.3.0.tgz",
      "integrity": "sha1-8omjkvF9K6rPGU0KZzAEOUQzsRU="
    },
    "lowercase-keys": {
      "version": "https://registry.npmjs.org/lowercase-keys/-/lowercase-keys-1.0.0.tgz",
      "integrity": "sha1-TjNms55/VFfjXxMkvfb4jQv8cwY="
    },
    "lru-cache": {
      "version": "4.1.1",
      "resolved": "https://registry.npmjs.org/lru-cache/-/lru-cache-4.1.1.tgz",
      "integrity": "sha512-q4spe4KTfsAS1SUHLO0wz8Qiyf1+vMIAgpRYioFYDMNqKfHQbg+AVDH3i4fvpl71/P1L0dBl+fQi+P37UYf0ew=="
    },
    "make-dir": {
      "version": "1.0.0",
      "resolved": "https://registry.npmjs.org/make-dir/-/make-dir-1.0.0.tgz",
      "integrity": "sha1-l6ARdR6R3YfPre9Ygy67BJNt6Xg="
    },
    "map-obj": {
      "version": "https://registry.npmjs.org/map-obj/-/map-obj-1.0.1.tgz",
      "integrity": "sha1-2TPOuSBdgr3PSIb2dCvcK03qFG0="
    },
    "markdown-table": {
      "version": "0.4.0",
      "resolved": "https://registry.npmjs.org/markdown-table/-/markdown-table-0.4.0.tgz",
      "integrity": "sha1-iQwsGzv+g/sA5BKbjkz+ZFJw+dE=",
      "dev": true
    },
    "markdown-to-ast": {
      "version": "3.4.0",
      "resolved": "https://registry.npmjs.org/markdown-to-ast/-/markdown-to-ast-3.4.0.tgz",
      "integrity": "sha1-Diy6gTkLBUmpFT7DsNkVthwWS+c=",
      "dev": true
    },
    "marked": {
      "version": "https://registry.npmjs.org/marked/-/marked-0.3.5.tgz",
      "integrity": "sha1-QROhWsXXvKFYpargciRYe5+hW5Q="
    },
    "meow": {
      "version": "https://registry.npmjs.org/meow/-/meow-3.7.0.tgz",
      "integrity": "sha1-cstmi0JSKCkKu/qFaJJYcwioAfs="
    },
    "minimist": {
      "version": "https://registry.npmjs.org/minimist/-/minimist-1.2.0.tgz",
      "integrity": "sha1-o1AIsg9BOD7sH7kU9M1d95omQoQ="
    },
    "ms": {
      "version": "2.0.0",
      "resolved": "https://registry.npmjs.org/ms/-/ms-2.0.0.tgz",
      "integrity": "sha1-VgiurfwAvmwpAd9fmGF4jeDVl8g=",
      "dev": true
    },
    "msee": {
      "version": "0.3.3",
      "resolved": "https://registry.npmjs.org/msee/-/msee-0.3.3.tgz",
      "integrity": "sha1-vja20I614lSKex3aeg1FtoiO7O0="
    },
    "nopt": {
      "version": "https://registry.npmjs.org/nopt/-/nopt-3.0.6.tgz",
      "integrity": "sha1-xkZdvwirzU2zWTF/eaxopkayj/k="
    },
    "normalize-package-data": {
      "version": "https://registry.npmjs.org/normalize-package-data/-/normalize-package-data-2.3.5.tgz",
      "integrity": "sha1-jZJPFClg4Xd+f/4XBUNjHMfLAt8="
    },
    "npm-run-path": {
      "version": "1.0.0",
      "resolved": "https://registry.npmjs.org/npm-run-path/-/npm-run-path-1.0.0.tgz",
      "integrity": "sha1-9cMr9ZX+ga6Sfa7FLoL4sACsPI8="
    },
    "number-is-nan": {
      "version": "https://registry.npmjs.org/number-is-nan/-/number-is-nan-1.0.0.tgz",
      "integrity": "sha1-wCD1KcUoKt/dIz2R1LGBw9aG3Es="
    },
    "object-assign": {
      "version": "https://registry.npmjs.org/object-assign/-/object-assign-4.1.0.tgz",
      "integrity": "sha1-ejs9DpgGPUP0wD8uiubNUahog6A="
    },
    "once": {
      "version": "1.4.0",
      "resolved": "https://registry.npmjs.org/once/-/once-1.4.0.tgz",
      "integrity": "sha1-WDsap3WWHUsROsF9nFC6753Xa9E=",
      "dev": true
    },
    "parse-entities": {
      "version": "1.1.1",
      "resolved": "https://registry.npmjs.org/parse-entities/-/parse-entities-1.1.1.tgz",
      "integrity": "sha1-gRLYhHExnyerrk1klksSL+ThuJA=",
      "dev": true
    },
    "parse-json": {
      "version": "https://registry.npmjs.org/parse-json/-/parse-json-2.2.0.tgz",
      "integrity": "sha1-9ID0BDTvgHQfhGkJn43qGPVaTck="
    },
    "path-exists": {
      "version": "https://registry.npmjs.org/path-exists/-/path-exists-2.1.0.tgz",
      "integrity": "sha1-D+tsZPD8UY2adU3V77YscCJ2H0s="
    },
    "path-key": {
      "version": "1.0.0",
      "resolved": "https://registry.npmjs.org/path-key/-/path-key-1.0.0.tgz",
      "integrity": "sha1-XVPVeAGWRsDWiADbThRua9wqx68="
    },
    "path-type": {
      "version": "https://registry.npmjs.org/path-type/-/path-type-1.1.0.tgz",
      "integrity": "sha1-WcRPfuSR2nBNpBXaWkBwuk+P5EE="
    },
    "pify": {
      "version": "https://registry.npmjs.org/pify/-/pify-2.3.0.tgz",
      "integrity": "sha1-7RQaasBDqEnqWISY59yosVMw6Qw="
    },
    "pinkie": {
      "version": "https://registry.npmjs.org/pinkie/-/pinkie-2.0.4.tgz",
      "integrity": "sha1-clVrgM+g1IqXToDnckjoDtT3+HA="
    },
    "pinkie-promise": {
      "version": "https://registry.npmjs.org/pinkie-promise/-/pinkie-promise-2.0.1.tgz",
      "integrity": "sha1-ITXW36ejWMBprJsXh3YogihFD/o="
    },
    "prepend-http": {
      "version": "https://registry.npmjs.org/prepend-http/-/prepend-http-1.0.4.tgz",
      "integrity": "sha1-1PRWKwzjaW5BrFLQ4ALlemNdxtw="
    },
    "process-nextick-args": {
      "version": "https://registry.npmjs.org/process-nextick-args/-/process-nextick-args-1.0.7.tgz",
      "integrity": "sha1-FQ4gt1ZZCtP5EJPyWk8q2L/zC6M="
    },
    "pseudomap": {
      "version": "1.0.2",
      "resolved": "https://registry.npmjs.org/pseudomap/-/pseudomap-1.0.2.tgz",
      "integrity": "sha1-8FKijacOYYkX7wqKw0wa5aaChrM="
    },
    "rc": {
      "version": "https://registry.npmjs.org/rc/-/rc-1.1.6.tgz",
      "integrity": "sha1-Q2UbdrauU7XIAvEVH6P8OwWZack="
    },
    "read-pkg": {
      "version": "https://registry.npmjs.org/read-pkg/-/read-pkg-1.1.0.tgz",
      "integrity": "sha1-9f+qXs0pyzHAR0vKfXVra7KePyg="
    },
    "read-pkg-up": {
      "version": "https://registry.npmjs.org/read-pkg-up/-/read-pkg-up-1.0.1.tgz",
      "integrity": "sha1-nWPBMnbAZZGNV/ACpX9AobZD+wI="
    },
    "readable-stream": {
      "version": "https://registry.npmjs.org/readable-stream/-/readable-stream-2.0.6.tgz",
      "integrity": "sha1-j5A0HmilPMySh4jaz80Rs265t44=",
      "dev": true
    },
    "redent": {
      "version": "https://registry.npmjs.org/redent/-/redent-1.0.0.tgz",
      "integrity": "sha1-z5Fqsf1fHxbfsggi3W7H9zDCr94="
    },
    "redeyed": {
      "version": "https://registry.npmjs.org/redeyed/-/redeyed-0.6.0.tgz",
      "integrity": "sha1-aSovdl/sq0M1Se3UOadoSqtn94k="
    },
    "registry-auth-token": {
      "version": "3.3.1",
      "resolved": "https://registry.npmjs.org/registry-auth-token/-/registry-auth-token-3.3.1.tgz",
      "integrity": "sha1-+w0yie4Nmtosu1KvXf5mywcNMAY="
    },
    "registry-url": {
      "version": "https://registry.npmjs.org/registry-url/-/registry-url-3.1.0.tgz",
      "integrity": "sha1-PU74cPc93h138M+aOBQyRE4XSUI="
    },
    "remark": {
      "version": "5.1.0",
      "resolved": "https://registry.npmjs.org/remark/-/remark-5.1.0.tgz",
      "integrity": "sha1-y0Y709vLS5l5STXu4c9x16jjBow=",
      "dev": true
    },
    "remark-parse": {
      "version": "1.1.0",
      "resolved": "https://registry.npmjs.org/remark-parse/-/remark-parse-1.1.0.tgz",
      "integrity": "sha1-w8oQ+ajaBGFcKPCapOMEUQUm7CE=",
      "dev": true
    },
    "remark-stringify": {
      "version": "1.1.0",
      "resolved": "https://registry.npmjs.org/remark-stringify/-/remark-stringify-1.1.0.tgz",
      "integrity": "sha1-pxBeJbnuK/mkm3XSxCPxGwauIJI=",
      "dev": true
    },
    "repeat-string": {
      "version": "https://registry.npmjs.org/repeat-string/-/repeat-string-1.5.4.tgz",
      "integrity": "sha1-ZOwMkeD0tHX5DVtkNlHj5uW2wtU="
    },
    "repeating": {
      "version": "https://registry.npmjs.org/repeating/-/repeating-2.0.1.tgz",
      "integrity": "sha1-UhTFOpJtNVJwdSf7q0FdvAjQbdo="
    },
    "safe-buffer": {
      "version": "5.1.1",
      "resolved": "https://registry.npmjs.org/safe-buffer/-/safe-buffer-5.1.1.tgz",
      "integrity": "sha512-kKvNJn6Mm93gAczWVJg7wH+wGYWNrDHdWvpUmHyEsgCtIwwo3bqPtV4tR5tuPaUhTOo/kvhVwd8XwwOllGYkbg=="
    },
    "semver": {
      "version": "https://registry.npmjs.org/semver/-/semver-5.1.0.tgz",
      "integrity": "sha1-hfLPhVBGXE3wAM99hvawVBBqueU="
    },
    "semver-diff": {
      "version": "https://registry.npmjs.org/semver-diff/-/semver-diff-2.1.0.tgz",
      "integrity": "sha1-S7uEN8jTfksM8aaP1ybsbWRdbTY="
    },
    "signal-exit": {
      "version": "https://registry.npmjs.org/signal-exit/-/signal-exit-2.1.2.tgz",
      "integrity": "sha1-N1h5sfkuvDszRIDQONxUam1VhWQ="
    },
    "slide": {
      "version": "https://registry.npmjs.org/slide/-/slide-1.1.6.tgz",
      "integrity": "sha1-VusCfWW00tzmyy4tMsTUr8nh1wc="
    },
    "spdx-correct": {
      "version": "https://registry.npmjs.org/spdx-correct/-/spdx-correct-1.0.2.tgz",
      "integrity": "sha1-SzBz2TP/UfORLwOsVRlJikFQ20A="
    },
    "spdx-exceptions": {
      "version": "https://registry.npmjs.org/spdx-exceptions/-/spdx-exceptions-1.0.4.tgz",
      "integrity": "sha1-IguEI5EZrpBFqJLbgag/TOFvgP0="
    },
    "spdx-expression-parse": {
      "version": "https://registry.npmjs.org/spdx-expression-parse/-/spdx-expression-parse-1.0.2.tgz",
      "integrity": "sha1-1SsUtelnB3FECvIlvLVjEirEUvY="
    },
    "spdx-license-ids": {
      "version": "https://registry.npmjs.org/spdx-license-ids/-/spdx-license-ids-1.2.1.tgz",
      "integrity": "sha1-0H6hek0v2TUfnZTi/5zsdBgP6PM="
    },
    "string_decoder": {
      "version": "https://registry.npmjs.org/string_decoder/-/string_decoder-0.10.31.tgz",
      "integrity": "sha1-YuIDvEF2bGwoyfyEMB2rHFMQ+pQ=",
      "dev": true
    },
    "string-width": {
      "version": "https://registry.npmjs.org/string-width/-/string-width-1.0.1.tgz",
      "integrity": "sha1-ySEptvHX9SrPmvQkom44ZKBc6wo="
    },
    "stringify-entities": {
      "version": "1.3.1",
      "resolved": "https://registry.npmjs.org/stringify-entities/-/stringify-entities-1.3.1.tgz",
      "integrity": "sha1-sVDsLXKsTBtfMktR+2soyc3/BYw=",
      "dev": true
    },
    "strip-ansi": {
      "version": "https://registry.npmjs.org/strip-ansi/-/strip-ansi-3.0.1.tgz",
      "integrity": "sha1-ajhfuIU9lS1f8F0Oiq+UJ43GPc8="
    },
    "strip-bom": {
      "version": "https://registry.npmjs.org/strip-bom/-/strip-bom-2.0.0.tgz",
      "integrity": "sha1-YhmoVhZSBJHzV4i9vxRHqZx+aw4="
    },
    "strip-eof": {
      "version": "1.0.0",
      "resolved": "https://registry.npmjs.org/strip-eof/-/strip-eof-1.0.0.tgz",
      "integrity": "sha1-u0P/VZim6wXYm1n80SnJgzE2Br8="
    },
    "strip-indent": {
      "version": "https://registry.npmjs.org/strip-indent/-/strip-indent-1.0.1.tgz",
      "integrity": "sha1-DHlipq3vp7vUrDZkYKY4VSrhoKI="
    },
    "strip-json-comments": {
      "version": "https://registry.npmjs.org/strip-json-comments/-/strip-json-comments-1.0.4.tgz",
      "integrity": "sha1-HhX7ysl9Pumb8tc7TGVrCCu6+5E="
    },
    "structured-source": {
      "version": "3.0.2",
      "resolved": "https://registry.npmjs.org/structured-source/-/structured-source-3.0.2.tgz",
      "integrity": "sha1-3YAkJeD1PcSm56yjdSkBoczaevU=",
      "dev": true
    },
    "supports-color": {
      "version": "https://registry.npmjs.org/supports-color/-/supports-color-2.0.0.tgz",
      "integrity": "sha1-U10EXOa2Nj+kARcIRimZXp3zJMc="
    },
    "table-header": {
      "version": "https://registry.npmjs.org/table-header/-/table-header-0.2.2.tgz",
      "integrity": "sha1-fJrbQg6laftHF95dj1xFFIBNLAo="
    },
    "term-size": {
      "version": "0.1.1",
      "resolved": "https://registry.npmjs.org/term-size/-/term-size-0.1.1.tgz",
      "integrity": "sha1-hzYLljlsq1dgljcUzaDQy+7K2co="
    },
    "text-table": {
      "version": "https://registry.npmjs.org/text-table/-/text-table-0.2.0.tgz",
      "integrity": "sha1-f17oI66AUgfACvLfSoTsP8+lcLQ="
    },
    "through2": {
      "version": "2.0.3",
      "resolved": "https://registry.npmjs.org/through2/-/through2-2.0.3.tgz",
      "integrity": "sha1-AARWmzfHx0ujnEPzzteNGtlBQL4=",
      "dependencies": {
        "inherits": {
          "version": "2.0.3",
          "resolved": "https://registry.npmjs.org/inherits/-/inherits-2.0.3.tgz",
          "integrity": "sha1-Yzwsg+PaQqUC9SRmAiSA9CCCYd4="
        },
        "readable-stream": {
          "version": "2.3.2",
          "resolved": "https://registry.npmjs.org/readable-stream/-/readable-stream-2.3.2.tgz",
          "integrity": "sha1-WgTfBeT1f+Pw3Gj90R3FyXx+b00="
        },
        "string_decoder": {
          "version": "1.0.3",
          "resolved": "https://registry.npmjs.org/string_decoder/-/string_decoder-1.0.3.tgz",
          "integrity": "sha512-4AH6Z5fzNNBcH+6XDMfA/BTt87skxqJlO0lAh3Dker5zThcAxG6mKz+iGu308UKoPPQ8Dcqx/4JhujzltRa+hQ=="
        }
      }
    },
    "traverse": {
      "version": "0.6.6",
      "resolved": "https://registry.npmjs.org/traverse/-/traverse-0.6.6.tgz",
      "integrity": "sha1-y99WD9e5r2MlAv7UD5GMFX6pcTc=",
      "dev": true
    },
    "trim": {
      "version": "0.0.1",
      "resolved": "https://registry.npmjs.org/trim/-/trim-0.0.1.tgz",
      "integrity": "sha1-WFhUf2spB1fulczMZm+1AITEYN0=",
      "dev": true
    },
    "trim-newlines": {
      "version": "https://registry.npmjs.org/trim-newlines/-/trim-newlines-1.0.0.tgz",
      "integrity": "sha1-WIeWa7WCpFA6QetST301ARgVphM="
    },
    "trim-trailing-lines": {
      "version": "1.1.0",
      "resolved": "https://registry.npmjs.org/trim-trailing-lines/-/trim-trailing-lines-1.1.0.tgz",
      "integrity": "sha1-eu+7eAjfnWafbaLkOMrIxGradoQ=",
      "dev": true
    },
    "trough": {
      "version": "1.0.0",
      "resolved": "https://registry.npmjs.org/trough/-/trough-1.0.0.tgz",
      "integrity": "sha1-a97f5/KqSabzxDIldodVWVfzQv0=",
      "dev": true
    },
    "underscore": {
      "version": "1.8.3",
      "resolved": "https://registry.npmjs.org/underscore/-/underscore-1.8.3.tgz",
      "integrity": "sha1-Tz+1OxBuYJf8+ctBCfKl6b36UCI=",
      "dev": true
    },
    "unherit": {
      "version": "1.1.0",
      "resolved": "https://registry.npmjs.org/unherit/-/unherit-1.1.0.tgz",
      "integrity": "sha1-a5qu379z3xdWrZ4xbdmBiFhAzX0=",
      "dev": true
    },
    "unified": {
      "version": "4.2.1",
      "resolved": "https://registry.npmjs.org/unified/-/unified-4.2.1.tgz",
      "integrity": "sha1-dv9Dqo2kMPbn5KVchOusKtLPzS4=",
      "dev": true
    },
    "unique-string": {
      "version": "1.0.0",
      "resolved": "https://registry.npmjs.org/unique-string/-/unique-string-1.0.0.tgz",
      "integrity": "sha1-nhBXzKhRq7kzmPizOuGHuZyuwRo="
    },
    "unist-util-remove-position": {
      "version": "1.1.1",
      "resolved": "https://registry.npmjs.org/unist-util-remove-position/-/unist-util-remove-position-1.1.1.tgz",
      "integrity": "sha1-WoXBVV/BugwQG4ZwfRXlD6TIcbs=",
      "dev": true
    },
    "unist-util-visit": {
      "version": "1.1.3",
      "resolved": "https://registry.npmjs.org/unist-util-visit/-/unist-util-visit-1.1.3.tgz",
      "integrity": "sha1-7CaOcxudJ3p5pbWqBkOZDkBdYAs=",
      "dev": true
    },
    "update-notifier": {
      "version": "2.2.0",
      "resolved": "https://registry.npmjs.org/update-notifier/-/update-notifier-2.2.0.tgz",
      "integrity": "sha1-G1g3z5DAc22IYncytmHBOPht5y8=",
      "dependencies": {
        "configstore": {
          "version": "3.1.0",
          "resolved": "https://registry.npmjs.org/configstore/-/configstore-3.1.0.tgz",
          "integrity": "sha1-Rd+QcHPibfoc9LLVL1tgVF6qEdE="
        },
        "dot-prop": {
          "version": "4.1.1",
          "resolved": "https://registry.npmjs.org/dot-prop/-/dot-prop-4.1.1.tgz",
          "integrity": "sha1-qEk/C3te7sglJbXHWH+n3nyoWcE="
        },
        "got": {
          "version": "6.7.1",
          "resolved": "https://registry.npmjs.org/got/-/got-6.7.1.tgz",
          "integrity": "sha1-JAzQV4WpoY5WHcG0S0HHY+8ejbA="
        },
        "latest-version": {
          "version": "3.1.0",
          "resolved": "https://registry.npmjs.org/latest-version/-/latest-version-3.1.0.tgz",
          "integrity": "sha1-ogU4P+oyKzO1rjsYq+4NwvNW7hU="
        },
        "package-json": {
          "version": "4.0.1",
          "resolved": "https://registry.npmjs.org/package-json/-/package-json-4.0.1.tgz",
          "integrity": "sha1-iGmgQBJTZhxMTKPabCEh7VVfXu0="
        },
        "timed-out": {
          "version": "4.0.1",
          "resolved": "https://registry.npmjs.org/timed-out/-/timed-out-4.0.1.tgz",
          "integrity": "sha1-8y6srFoXW+ol1/q1Zas+2HQe9W8="
        },
        "unzip-response": {
          "version": "2.0.1",
          "resolved": "https://registry.npmjs.org/unzip-response/-/unzip-response-2.0.1.tgz",
          "integrity": "sha1-0vD3N9FrBhXnKmk17QQhRXLVb5c="
        },
        "write-file-atomic": {
          "version": "2.1.0",
          "resolved": "https://registry.npmjs.org/write-file-atomic/-/write-file-atomic-2.1.0.tgz",
          "integrity": "sha512-0TZ20a+xcIl4u0+Mj5xDH2yOWdmQiXlKf9Hm+TgDXjTMsEYb+gDrmb8e8UNAzMCitX8NBqG4Z/FUQIyzv/R1JQ==",
          "dependencies": {
            "graceful-fs": {
              "version": "4.1.11",
              "resolved": "https://registry.npmjs.org/graceful-fs/-/graceful-fs-4.1.11.tgz",
              "integrity": "sha1-Dovf5NHduIVNZOBOp8AOKgJuVlg="
            }
          }
        },
        "xdg-basedir": {
          "version": "3.0.0",
          "resolved": "https://registry.npmjs.org/xdg-basedir/-/xdg-basedir-3.0.0.tgz",
          "integrity": "sha1-SWsswQnsqNus/i3HK2A8F8WHCtQ="
        }
      }
    },
    "update-section": {
      "version": "0.3.3",
      "resolved": "https://registry.npmjs.org/update-section/-/update-section-0.3.3.tgz",
      "integrity": "sha1-RY8Xgg03gg3GDiC4bZQ5GwASMVg=",
      "dev": true
    },
    "url-parse-lax": {
      "version": "https://registry.npmjs.org/url-parse-lax/-/url-parse-lax-1.0.0.tgz",
      "integrity": "sha1-evjzA2Rem9eaJy56FKxovAYJ2nM="
    },
    "util-deprecate": {
      "version": "https://registry.npmjs.org/util-deprecate/-/util-deprecate-1.0.2.tgz",
      "integrity": "sha1-RQ1Nyfpw3nMnYvvS1KKJgUGaDM8="
    },
    "validate-npm-package-license": {
      "version": "https://registry.npmjs.org/validate-npm-package-license/-/validate-npm-package-license-3.0.1.tgz",
      "integrity": "sha1-KAS6vnEq0zeUWaz74kdGqywwP7w="
    },
    "varsize-string": {
      "version": "https://registry.npmjs.org/varsize-string/-/varsize-string-2.2.2.tgz",
      "integrity": "sha1-7xs7bHLbCDXqL4TN+R/sMMUgaIs="
    },
    "vfile": {
      "version": "1.4.0",
      "resolved": "https://registry.npmjs.org/vfile/-/vfile-1.4.0.tgz",
      "integrity": "sha1-wP1vpIT43r23cfaMMe112I2pf+c=",
      "dev": true
    },
    "vfile-location": {
      "version": "2.0.1",
      "resolved": "https://registry.npmjs.org/vfile-location/-/vfile-location-2.0.1.tgz",
      "integrity": "sha1-C/iBb3MrD4vZAqVv2kxiyOk13FI=",
      "dev": true
    },
    "wcsize": {
      "version": "https://registry.npmjs.org/wcsize/-/wcsize-1.0.0.tgz",
      "integrity": "sha1-qKLhXmqKdHkdulgPaaV9J+hQ6h4="
    },
    "wcstring": {
      "version": "https://registry.npmjs.org/wcstring/-/wcstring-2.1.1.tgz",
      "integrity": "sha1-3tUtdFycceJNCkidKCbSKjZe0Gc="
    },
    "which": {
      "version": "1.2.14",
      "resolved": "https://registry.npmjs.org/which/-/which-1.2.14.tgz",
      "integrity": "sha1-mofEN48D6CfOyvGs31bHNsAcFOU="
    },
    "widest-line": {
      "version": "https://registry.npmjs.org/widest-line/-/widest-line-1.0.0.tgz",
      "integrity": "sha1-DAnIXCqUaD0Nfq+O4JfVZL8OEFw="
    },
    "wrappy": {
      "version": "1.0.2",
      "resolved": "https://registry.npmjs.org/wrappy/-/wrappy-1.0.2.tgz",
      "integrity": "sha1-tSQ9jz7BqjXxNkYFvA0QNuMKtp8=",
      "dev": true
    },
    "xtend": {
      "version": "https://registry.npmjs.org/xtend/-/xtend-4.0.1.tgz",
      "integrity": "sha1-pcbVMr5lbiPbgg77lDofBJmNY68="
    },
    "yallist": {
      "version": "2.1.2",
      "resolved": "https://registry.npmjs.org/yallist/-/yallist-2.1.2.tgz",
      "integrity": "sha1-HBH5IY8HYImkfdUS+TxmmaaoHVI="
    }
  }
}
